{
    "_meta": {
        "hash": {
            "sha256": "570bfe6e36ad9018a5b7dc627e3961fdd38bb09c30b1560970ce71209fe59248"
        },
        "host-environment-markers": {
            "implementation_name": "cpython",
            "implementation_version": "3.6.4",
            "os_name": "posix",
            "platform_machine": "x86_64",
            "platform_python_implementation": "CPython",
            "platform_release": "3.19.0-25-generic",
            "platform_system": "Linux",
            "platform_version": "#26~14.04.1-Ubuntu SMP Fri Jul 24 21:16:20 UTC 2015",
            "python_full_version": "3.6.4",
            "python_version": "3.6",
            "sys_platform": "linux"
        },
        "pipfile-spec": 6,
        "requires": {
            "python_version": "3.6"
        },
        "sources": [
            {
                "name": "pypi",
                "url": "https://pypi.tuna.tsinghua.edu.cn/simple",
                "verify_ssl": true
            }
        ]
    },
    "default": {
        "colorline": {
            "hashes": [],
            "version": "==1.0.3"
        },
        "pycryptodome": {
            "hashes": [],
            "version": "==3.7.0"
        },
        "pyyaml": {
            "hashes": [],
            "version": "==3.13"
        }
    },
    "develop": {}
}
